
Microsoft Visual Studio Solution File, Format Version 12.00
# Visual Studio Version 16
VisualStudioVersion = 16.0.31424.327
MinimumVisualStudioVersion = 10.0.40219.1
Project("{151D2E53-A2C4-4D7D-83FE-D05416EBD58E}") = "AzureResourceGroup1", "AzureResourceGroup1\AzureResourceGroup1.deployproj", "{46E9C69C-075B-4204-92D3-D33511A39227}"
EndProject
Global
	GlobalSection(SolutionConfigurationPlatforms) = preSolution
		Debug|Any CPU = Debug|Any CPU
		Release|Any CPU = Release|Any CPU
	EndGlobalSection
	GlobalSection(ProjectConfigurationPlatforms) = postSolution
		{46E9C69C-075B-4204-92D3-D33511A39227}.Debug|Any CPU.ActiveCfg = Debug|Any CPU
		{46E9C69C-075B-4204-92D3-D33511A39227}.Debug|Any CPU.Build.0 = Debug|Any CPU
		{46E9C69C-075B-4204-92D3-D33511A39227}.Release|Any CPU.ActiveCfg = Release|Any CPU
		{46E9C69C-075B-4204-92D3-D33511A39227}.Release|Any CPU.Build.0 = Release|Any CPU
	EndGlobalSection
	GlobalSection(SolutionProperties) = preSolution
		HideSolutionNode = FALSE
	EndGlobalSection
	GlobalSection(ExtensibilityGlobals) = postSolution
		SolutionGuid = {2F6F3DAD-0570-49BA-9A0F-270A157D49D6}
	EndGlobalSection
EndGlobal
